
Microsoft Visual Studio Solution File, Format Version 12.00
# Visual Studio Version 16
VisualStudioVersion = 16.0.32413.511
MinimumVisualStudioVersion = 10.0.40219.1
Project("{FAE04EC0-301F-11D3-BF4B-00C04F79EFBC}") = "SbloG", "SbloG\SbloG.csproj", "{FC05E719-3178-423F-9963-1843B78011DB}"
EndProject
Global
	GlobalSection(SolutionConfigurationPlatforms) = preSolution
		Debug|Any CPU = Debug|Any CPU
		Release|Any CPU = Release|Any CPU
	EndGlobalSection
	GlobalSection(ProjectConfigurationPlatforms) = postSolution
		{FC05E719-3178-423F-9963-1843B78011DB}.Debug|Any CPU.ActiveCfg = Debug|Any CPU
		{FC05E719-3178-423F-9963-1843B78011DB}.Debug|Any CPU.Build.0 = Debug|Any CPU
		{FC05E719-3178-423F-9963-1843B78011DB}.Release|Any CPU.ActiveCfg = Release|Any CPU
		{FC05E719-3178-423F-9963-1843B78011DB}.Release|Any CPU.Build.0 = Release|Any CPU
	EndGlobalSection
	GlobalSection(SolutionProperties) = preSolution
		HideSolutionNode = FALSE
	EndGlobalSection
	GlobalSection(ExtensibilityGlobals) = postSolution
		SolutionGuid = {95E0B7D1-A257-437C-A40B-6C73843C3D57}
	EndGlobalSection
EndGlobal
